// !$*UTF8*$!
{
	archiveVersion = 1;
	classes = {
	};
	objectVersion = 56;
	objects = {

/* Begin PBXBuildFile section */
		D04C99B22B7C44E000266270 /* ThermostatViewModel.swift in Sources */ = {isa = PBXBuildFile; fileRef = D04C99B12B7C44E000266270 /* ThermostatViewModel.swift */; };
		D04C99B52B7C454400266270 /* HassFramework.xcframework in Frameworks */ = {isa = PBXBuildFile; fileRef = D04C99B42B7C454400266270 /* HassFramework.xcframework */; };
		D04C99B62B7C454400266270 /* HassFramework.xcframework in Embed Frameworks */ = {isa = PBXBuildFile; fileRef = D04C99B42B7C454400266270 /* HassFramework.xcframework */; settings = {ATTRIBUTES = (CodeSignOnCopy, RemoveHeadersOnCopy, ); }; };
		D04C99B92B7C47D800266270 /* Enums.swift in Sources */ = {isa = PBXBuildFile; fileRef = D04C99B82B7C47D800266270 /* Enums.swift */; };
		D04C99BF2B7C538200266270 /* WatchManager.swift in Sources */ = {isa = PBXBuildFile; fileRef = D04C99BE2B7C538100266270 /* WatchManager.swift */; };
		D04C99C52B7EC91900266270 /* HassClientService.swift in Sources */ = {isa = PBXBuildFile; fileRef = D04C99C42B7EC91900266270 /* HassClientService.swift */; };
		D04C99C72B800E9600266270 /* HassClimateService.swift in Sources */ = {isa = PBXBuildFile; fileRef = D04C99C62B800E9600266270 /* HassClimateService.swift */; };
		D04C99C92B80359F00266270 /* Secrets.plist in Resources */ = {isa = PBXBuildFile; fileRef = D04C99C82B80359F00266270 /* Secrets.plist */; };
		D0F29C062B7ABD1C00B0F805 /* Halcyon_2_0App.swift in Sources */ = {isa = PBXBuildFile; fileRef = D0F29C052B7ABD1C00B0F805 /* Halcyon_2_0App.swift */; };
		D0F29C082B7ABD1C00B0F805 /* ContentView.swift in Sources */ = {isa = PBXBuildFile; fileRef = D0F29C072B7ABD1C00B0F805 /* ContentView.swift */; };
		D0F29C0A2B7ABD1E00B0F805 /* Assets.xcassets in Resources */ = {isa = PBXBuildFile; fileRef = D0F29C092B7ABD1E00B0F805 /* Assets.xcassets */; };
		D0F29C0D2B7ABD1E00B0F805 /* Preview Assets.xcassets in Resources */ = {isa = PBXBuildFile; fileRef = D0F29C0C2B7ABD1E00B0F805 /* Preview Assets.xcassets */; };
		D0F29C252B7AC14400B0F805 /* ThermostatScaleView.swift in Sources */ = {isa = PBXBuildFile; fileRef = D0F29C192B7ABFFE00B0F805 /* ThermostatScaleView.swift */; };
		D0F29C262B7AC14C00B0F805 /* ThermostatSummaryView.swift in Sources */ = {isa = PBXBuildFile; fileRef = D0F29C1B2B7ABFFE00B0F805 /* ThermostatSummaryView.swift */; };
		D0F29C272B7AC15500B0F805 /* ThermostatView.swift in Sources */ = {isa = PBXBuildFile; fileRef = D0F29C1C2B7ABFFE00B0F805 /* ThermostatView.swift */; };
		D0F29C282B7AC15D00B0F805 /* ThermometerDialView.swift in Sources */ = {isa = PBXBuildFile; fileRef = D0F29C1E2B7ABFFE00B0F805 /* ThermometerDialView.swift */; };
		D0F29C292B7AC16500B0F805 /* ThermostatPlaceholderView.swift in Sources */ = {isa = PBXBuildFile; fileRef = D0F29C202B7ABFFE00B0F805 /* ThermostatPlaceholderView.swift */; };
/* End PBXBuildFile section */

/* Begin PBXCopyFilesBuildPhase section */
		D04C99B72B7C454400266270 /* Embed Frameworks */ = {
			isa = PBXCopyFilesBuildPhase;
			buildActionMask = 2147483647;
			dstPath = "";
			dstSubfolderSpec = 10;
			files = (
				D04C99B62B7C454400266270 /* HassFramework.xcframework in Embed Frameworks */,
			);
			name = "Embed Frameworks";
			runOnlyForDeploymentPostprocessing = 0;
		};
/* End PBXCopyFilesBuildPhase section */

/* Begin PBXFileReference section */
		D04C99B12B7C44E000266270 /* ThermostatViewModel.swift */ = {isa = PBXFileReference; lastKnownFileType = sourcecode.swift; path = ThermostatViewModel.swift; sourceTree = "<group>"; };
		D04C99B42B7C454400266270 /* HassFramework.xcframework */ = {isa = PBXFileReference; lastKnownFileType = wrapper.xcframework; name = HassFramework.xcframework; path = ../Frameworks/HassFramework/HassFramework.xcframework; sourceTree = "<group>"; };
		D04C99B82B7C47D800266270 /* Enums.swift */ = {isa = PBXFileReference; lastKnownFileType = sourcecode.swift; path = Enums.swift; sourceTree = "<group>"; };
		D04C99BE2B7C538100266270 /* WatchManager.swift */ = {isa = PBXFileReference; fileEncoding = 4; lastKnownFileType = sourcecode.swift; path = WatchManager.swift; sourceTree = "<group>"; };
		D04C99C42B7EC91900266270 /* HassClientService.swift */ = {isa = PBXFileReference; lastKnownFileType = sourcecode.swift; path = HassClientService.swift; sourceTree = "<group>"; };
		D04C99C62B800E9600266270 /* HassClimateService.swift */ = {isa = PBXFileReference; lastKnownFileType = sourcecode.swift; path = HassClimateService.swift; sourceTree = "<group>"; };
		D04C99C82B80359F00266270 /* Secrets.plist */ = {isa = PBXFileReference; fileEncoding = 4; lastKnownFileType = text.plist.xml; name = Secrets.plist; path = ../GarageWatchHass/Secrets.plist; sourceTree = "<group>"; };
		D0F29C002B7ABD1C00B0F805 /* _Halcyon.app */ = {isa = PBXFileReference; explicitFileType = wrapper.application; includeInIndex = 0; path = _Halcyon.app; sourceTree = BUILT_PRODUCTS_DIR; };
		D0F29C052B7ABD1C00B0F805 /* Halcyon_2_0App.swift */ = {isa = PBXFileReference; lastKnownFileType = sourcecode.swift; path = Halcyon_2_0App.swift; sourceTree = "<group>"; };
		D0F29C072B7ABD1C00B0F805 /* ContentView.swift */ = {isa = PBXFileReference; lastKnownFileType = sourcecode.swift; path = ContentView.swift; sourceTree = "<group>"; };
		D0F29C092B7ABD1E00B0F805 /* Assets.xcassets */ = {isa = PBXFileReference; lastKnownFileType = folder.assetcatalog; path = Assets.xcassets; sourceTree = "<group>"; };
		D0F29C0C2B7ABD1E00B0F805 /* Preview Assets.xcassets */ = {isa = PBXFileReference; lastKnownFileType = folder.assetcatalog; path = "Preview Assets.xcassets"; sourceTree = "<group>"; };
		D0F29C192B7ABFFE00B0F805 /* ThermostatScaleView.swift */ = {isa = PBXFileReference; fileEncoding = 4; lastKnownFileType = sourcecode.swift; path = ThermostatScaleView.swift; sourceTree = "<group>"; };
		D0F29C1B2B7ABFFE00B0F805 /* ThermostatSummaryView.swift */ = {isa = PBXFileReference; fileEncoding = 4; lastKnownFileType = sourcecode.swift; path = ThermostatSummaryView.swift; sourceTree = "<group>"; };
		D0F29C1C2B7ABFFE00B0F805 /* ThermostatView.swift */ = {isa = PBXFileReference; fileEncoding = 4; lastKnownFileType = sourcecode.swift; path = ThermostatView.swift; sourceTree = "<group>"; };
		D0F29C1E2B7ABFFE00B0F805 /* ThermometerDialView.swift */ = {isa = PBXFileReference; fileEncoding = 4; lastKnownFileType = sourcecode.swift; path = ThermometerDialView.swift; sourceTree = "<group>"; };
		D0F29C202B7ABFFE00B0F805 /* ThermostatPlaceholderView.swift */ = {isa = PBXFileReference; fileEncoding = 4; lastKnownFileType = sourcecode.swift; path = ThermostatPlaceholderView.swift; sourceTree = "<group>"; };
		D0F29C212B7ABFFE00B0F805 /* thermostat.svg */ = {isa = PBXFileReference; fileEncoding = 4; lastKnownFileType = text.xml; path = thermostat.svg; sourceTree = "<group>"; };
/* End PBXFileReference section */

/* Begin PBXFrameworksBuildPhase section */
		D0F29BFD2B7ABD1C00B0F805 /* Frameworks */ = {
			isa = PBXFrameworksBuildPhase;
			buildActionMask = 2147483647;
			files = (
				D04C99B52B7C454400266270 /* HassFramework.xcframework in Frameworks */,
			);
			runOnlyForDeploymentPostprocessing = 0;
		};
/* End PBXFrameworksBuildPhase section */

/* Begin PBXGroup section */
		D04C99B02B7C44B000266270 /* ViewModels */ = {
			isa = PBXGroup;
			children = (
				D04C99B12B7C44E000266270 /* ThermostatViewModel.swift */,
				D04C99B82B7C47D800266270 /* Enums.swift */,
				D04C99BE2B7C538100266270 /* WatchManager.swift */,
				D04C99C42B7EC91900266270 /* HassClientService.swift */,
				D04C99C62B800E9600266270 /* HassClimateService.swift */,
			);
			path = ViewModels;
			sourceTree = "<group>";
		};
		D04C99B32B7C454400266270 /* Frameworks */ = {
			isa = PBXGroup;
			children = (
				D04C99B42B7C454400266270 /* HassFramework.xcframework */,
			);
			name = Frameworks;
			path = ..;
			sourceTree = "<group>";
		};
		D0F29BF32B7ABD1C00B0F805 = {
			isa = PBXGroup;
			children = (
				D04C99C82B80359F00266270 /* Secrets.plist */,
				D0F29C172B7ABFFE00B0F805 /* Halcyon 2.0 */,
				D0F29C042B7ABD1C00B0F805 /* Halcyon 2.0 Watch App */,
				D0F29BFB2B7ABD1C00B0F805 /* Products */,
			);
			sourceTree = "<group>";
		};
		D0F29BFB2B7ABD1C00B0F805 /* Products */ = {
			isa = PBXGroup;
			children = (
				D0F29C002B7ABD1C00B0F805 /* _Halcyon.app */,
			);
			name = Products;
			sourceTree = "<group>";
		};
		D0F29C042B7ABD1C00B0F805 /* Halcyon 2.0 Watch App */ = {
			isa = PBXGroup;
			children = (
				D04C99B32B7C454400266270 /* Frameworks */,
				D0F29C052B7ABD1C00B0F805 /* Halcyon_2_0App.swift */,
				D0F29C072B7ABD1C00B0F805 /* ContentView.swift */,
				D0F29C092B7ABD1E00B0F805 /* Assets.xcassets */,
				D0F29C0B2B7ABD1E00B0F805 /* Preview Content */,
			);
			path = "Halcyon 2.0 Watch App";
			sourceTree = "<group>";
		};
		D0F29C0B2B7ABD1E00B0F805 /* Preview Content */ = {
			isa = PBXGroup;
			children = (
				D0F29C0C2B7ABD1E00B0F805 /* Preview Assets.xcassets */,
			);
			path = "Preview Content";
			sourceTree = "<group>";
		};
		D0F29C172B7ABFFE00B0F805 /* Halcyon 2.0 */ = {
			isa = PBXGroup;
			children = (
				D04C99B02B7C44B000266270 /* ViewModels */,
				D0F29C182B7ABFFE00B0F805 /* Thermostat */,
				D0F29C212B7ABFFE00B0F805 /* thermostat.svg */,
			);
			path = "Halcyon 2.0";
			sourceTree = "<group>";
		};
		D0F29C182B7ABFFE00B0F805 /* Thermostat */ = {
			isa = PBXGroup;
			children = (
				D0F29C192B7ABFFE00B0F805 /* ThermostatScaleView.swift */,
				D0F29C1A2B7ABFFE00B0F805 /* Dial Summary */,
				D0F29C1C2B7ABFFE00B0F805 /* ThermostatView.swift */,
				D0F29C1D2B7ABFFE00B0F805 /* Dial */,
				D0F29C1F2B7ABFFE00B0F805 /* Dial Background */,
			);
			path = Thermostat;
			sourceTree = "<group>";
		};
		D0F29C1A2B7ABFFE00B0F805 /* Dial Summary */ = {
			isa = PBXGroup;
			children = (
				D0F29C1B2B7ABFFE00B0F805 /* ThermostatSummaryView.swift */,
			);
			path = "Dial Summary";
			sourceTree = "<group>";
		};
		D0F29C1D2B7ABFFE00B0F805 /* Dial */ = {
			isa = PBXGroup;
			children = (
				D0F29C1E2B7ABFFE00B0F805 /* ThermometerDialView.swift */,
			);
			path = Dial;
			sourceTree = "<group>";
		};
		D0F29C1F2B7ABFFE00B0F805 /* Dial Background */ = {
			isa = PBXGroup;
			children = (
				D0F29C202B7ABFFE00B0F805 /* ThermostatPlaceholderView.swift */,
			);
			path = "Dial Background";
			sourceTree = "<group>";
		};
/* End PBXGroup section */

/* Begin PBXNativeTarget section */
		D0F29BFF2B7ABD1C00B0F805 /* Halcyon 2.0 Watch App */ = {
			isa = PBXNativeTarget;
			buildConfigurationList = D0F29C102B7ABD1E00B0F805 /* Build configuration list for PBXNativeTarget "Halcyon 2.0 Watch App" */;
			buildPhases = (
				D0F29BFC2B7ABD1C00B0F805 /* Sources */,
				D0F29BFD2B7ABD1C00B0F805 /* Frameworks */,
				D0F29BFE2B7ABD1C00B0F805 /* Resources */,
				D04C99B72B7C454400266270 /* Embed Frameworks */,
			);
			buildRules = (
			);
			dependencies = (
			);
			name = "Halcyon 2.0 Watch App";
			productName = "Halcyon 2.0 Watch App";
			productReference = D0F29C002B7ABD1C00B0F805 /* _Halcyon.app */;
			productType = "com.apple.product-type.application";
		};
/* End PBXNativeTarget section */

/* Begin PBXProject section */
		D0F29BF42B7ABD1C00B0F805 /* Project object */ = {
			isa = PBXProject;
			attributes = {
				BuildIndependentTargetsInParallel = 1;
				LastSwiftUpdateCheck = 1520;
				LastUpgradeCheck = 1520;
				TargetAttributes = {
					D0F29BFF2B7ABD1C00B0F805 = {
						CreatedOnToolsVersion = 15.2;
					};
				};
			};
			buildConfigurationList = D0F29BF72B7ABD1C00B0F805 /* Build configuration list for PBXProject "Halcyon 2.0" */;
			compatibilityVersion = "Xcode 14.0";
			developmentRegion = en;
			hasScannedForEncodings = 0;
			knownRegions = (
				en,
				Base,
			);
			mainGroup = D0F29BF32B7ABD1C00B0F805;
			productRefGroup = D0F29BFB2B7ABD1C00B0F805 /* Products */;
			projectDirPath = "";
			projectRoot = "";
			targets = (
				D0F29BFF2B7ABD1C00B0F805 /* Halcyon 2.0 Watch App */,
			);
		};
/* End PBXProject section */

/* Begin PBXResourcesBuildPhase section */
		D0F29BFE2B7ABD1C00B0F805 /* Resources */ = {
			isa = PBXResourcesBuildPhase;
			buildActionMask = 2147483647;
			files = (
				D0F29C0D2B7ABD1E00B0F805 /* Preview Assets.xcassets in Resources */,
				D04C99C92B80359F00266270 /* Secrets.plist in Resources */,
				D0F29C0A2B7ABD1E00B0F805 /* Assets.xcassets in Resources */,
			);
			runOnlyForDeploymentPostprocessing = 0;
		};
/* End PBXResourcesBuildPhase section */

/* Begin PBXSourcesBuildPhase section */
		D0F29BFC2B7ABD1C00B0F805 /* Sources */ = {
			isa = PBXSourcesBuildPhase;
			buildActionMask = 2147483647;
			files = (
				D04C99C52B7EC91900266270 /* HassClientService.swift in Sources */,
				D0F29C272B7AC15500B0F805 /* ThermostatView.swift in Sources */,
				D04C99C72B800E9600266270 /* HassClimateService.swift in Sources */,
				D0F29C262B7AC14C00B0F805 /* ThermostatSummaryView.swift in Sources */,
				D0F29C292B7AC16500B0F805 /* ThermostatPlaceholderView.swift in Sources */,
				D04C99B22B7C44E000266270 /* ThermostatViewModel.swift in Sources */,
				D04C99BF2B7C538200266270 /* WatchManager.swift in Sources */,
				D0F29C082B7ABD1C00B0F805 /* ContentView.swift in Sources */,
				D0F29C252B7AC14400B0F805 /* ThermostatScaleView.swift in Sources */,
				D0F29C282B7AC15D00B0F805 /* ThermometerDialView.swift in Sources */,
				D04C99B92B7C47D800266270 /* Enums.swift in Sources */,
				D0F29C062B7ABD1C00B0F805 /* Halcyon_2_0App.swift in Sources */,
			);
			runOnlyForDeploymentPostprocessing = 0;
		};
/* End PBXSourcesBuildPhase section */

/* Begin XCBuildConfiguration section */
		D0F29C0E2B7ABD1E00B0F805 /* Debug */ = {
			isa = XCBuildConfiguration;
			buildSettings = {
				ALWAYS_SEARCH_USER_PATHS = NO;
				ASSETCATALOG_COMPILER_GENERATE_SWIFT_ASSET_SYMBOL_EXTENSIONS = YES;
				CLANG_ANALYZER_NONNULL = YES;
				CLANG_ANALYZER_NUMBER_OBJECT_CONVERSION = YES_AGGRESSIVE;
				CLANG_CXX_LANGUAGE_STANDARD = "gnu++20";
				CLANG_ENABLE_MODULES = YES;
				CLANG_ENABLE_OBJC_ARC = YES;
				CLANG_ENABLE_OBJC_WEAK = YES;
				CLANG_WARN_BLOCK_CAPTURE_AUTORELEASING = YES;
				CLANG_WARN_BOOL_CONVERSION = YES;
				CLANG_WARN_COMMA = YES;
				CLANG_WARN_CONSTANT_CONVERSION = YES;
				CLANG_WARN_DEPRECATED_OBJC_IMPLEMENTATIONS = YES;
				CLANG_WARN_DIRECT_OBJC_ISA_USAGE = YES_ERROR;
				CLANG_WARN_DOCUMENTATION_COMMENTS = YES;
				CLANG_WARN_EMPTY_BODY = YES;
				CLANG_WARN_ENUM_CONVERSION = YES;
				CLANG_WARN_INFINITE_RECURSION = YES;
				CLANG_WARN_INT_CONVERSION = YES;
				CLANG_WARN_NON_LITERAL_NULL_CONVERSION = YES;
				CLANG_WARN_OBJC_IMPLICIT_RETAIN_SELF = YES;
				CLANG_WARN_OBJC_LITERAL_CONVERSION = YES;
				CLANG_WARN_OBJC_ROOT_CLASS = YES_ERROR;
				CLANG_WARN_QUOTED_INCLUDE_IN_FRAMEWORK_HEADER = YES;
				CLANG_WARN_RANGE_LOOP_ANALYSIS = YES;
				CLANG_WARN_STRICT_PROTOTYPES = YES;
				CLANG_WARN_SUSPICIOUS_MOVE = YES;
				CLANG_WARN_UNGUARDED_AVAILABILITY = YES_AGGRESSIVE;
				CLANG_WARN_UNREACHABLE_CODE = YES;
				CLANG_WARN__DUPLICATE_METHOD_MATCH = YES;
				COPY_PHASE_STRIP = NO;
				DEBUG_INFORMATION_FORMAT = dwarf;
				ENABLE_STRICT_OBJC_MSGSEND = YES;
				ENABLE_TESTABILITY = YES;
				ENABLE_USER_SCRIPT_SANDBOXING = YES;
				GCC_C_LANGUAGE_STANDARD = gnu17;
				GCC_DYNAMIC_NO_PIC = NO;
				GCC_NO_COMMON_BLOCKS = YES;
				GCC_OPTIMIZATION_LEVEL = 0;
				GCC_PREPROCESSOR_DEFINITIONS = (
					"DEBUG=1",
					"$(inherited)",
				);
				GCC_WARN_64_TO_32_BIT_CONVERSION = YES;
				GCC_WARN_ABOUT_RETURN_TYPE = YES_ERROR;
				GCC_WARN_UNDECLARED_SELECTOR = YES;
				GCC_WARN_UNINITIALIZED_AUTOS = YES_AGGRESSIVE;
				GCC_WARN_UNUSED_FUNCTION = YES;
				GCC_WARN_UNUSED_VARIABLE = YES;
				LOCALIZATION_PREFERS_STRING_CATALOGS = YES;
				MTL_ENABLE_DEBUG_INFO = INCLUDE_SOURCE;
				MTL_FAST_MATH = YES;
				ONLY_ACTIVE_ARCH = YES;
				SWIFT_ACTIVE_COMPILATION_CONDITIONS = "DEBUG $(inherited)";
				SWIFT_OPTIMIZATION_LEVEL = "-Onone";
			};
			name = Debug;
		};
		D0F29C0F2B7ABD1E00B0F805 /* Release */ = {
			isa = XCBuildConfiguration;
			buildSettings = {
				ALWAYS_SEARCH_USER_PATHS = NO;
				ASSETCATALOG_COMPILER_GENERATE_SWIFT_ASSET_SYMBOL_EXTENSIONS = YES;
				CLANG_ANALYZER_NONNULL = YES;
				CLANG_ANALYZER_NUMBER_OBJECT_CONVERSION = YES_AGGRESSIVE;
				CLANG_CXX_LANGUAGE_STANDARD = "gnu++20";
				CLANG_ENABLE_MODULES = YES;
				CLANG_ENABLE_OBJC_ARC = YES;
				CLANG_ENABLE_OBJC_WEAK = YES;
				CLANG_WARN_BLOCK_CAPTURE_AUTORELEASING = YES;
				CLANG_WARN_BOOL_CONVERSION = YES;
				CLANG_WARN_COMMA = YES;
				CLANG_WARN_CONSTANT_CONVERSION = YES;
				CLANG_WARN_DEPRECATED_OBJC_IMPLEMENTATIONS = YES;
				CLANG_WARN_DIRECT_OBJC_ISA_USAGE = YES_ERROR;
				CLANG_WARN_DOCUMENTATION_COMMENTS = YES;
				CLANG_WARN_EMPTY_BODY = YES;
				CLANG_WARN_ENUM_CONVERSION = YES;
				CLANG_WARN_INFINITE_RECURSION = YES;
				CLANG_WARN_INT_CONVERSION = YES;
				CLANG_WARN_NON_LITERAL_NULL_CONVERSION = YES;
				CLANG_WARN_OBJC_IMPLICIT_RETAIN_SELF = YES;
				CLANG_WARN_OBJC_LITERAL_CONVERSION = YES;
				CLANG_WARN_OBJC_ROOT_CLASS = YES_ERROR;
				CLANG_WARN_QUOTED_INCLUDE_IN_FRAMEWORK_HEADER = YES;
				CLANG_WARN_RANGE_LOOP_ANALYSIS = YES;
				CLANG_WARN_STRICT_PROTOTYPES = YES;
				CLANG_WARN_SUSPICIOUS_MOVE = YES;
				CLANG_WARN_UNGUARDED_AVAILABILITY = YES_AGGRESSIVE;
				CLANG_WARN_UNREACHABLE_CODE = YES;
				CLANG_WARN__DUPLICATE_METHOD_MATCH = YES;
				COPY_PHASE_STRIP = NO;
				DEBUG_INFORMATION_FORMAT = "dwarf-with-dsym";
				ENABLE_NS_ASSERTIONS = NO;
				ENABLE_STRICT_OBJC_MSGSEND = YES;
				ENABLE_USER_SCRIPT_SANDBOXING = YES;
				GCC_C_LANGUAGE_STANDARD = gnu17;
				GCC_NO_COMMON_BLOCKS = YES;
				GCC_WARN_64_TO_32_BIT_CONVERSION = YES;
				GCC_WARN_ABOUT_RETURN_TYPE = YES_ERROR;
				GCC_WARN_UNDECLARED_SELECTOR = YES;
				GCC_WARN_UNINITIALIZED_AUTOS = YES_AGGRESSIVE;
				GCC_WARN_UNUSED_FUNCTION = YES;
				GCC_WARN_UNUSED_VARIABLE = YES;
				LOCALIZATION_PREFERS_STRING_CATALOGS = YES;
				MTL_ENABLE_DEBUG_INFO = NO;
				MTL_FAST_MATH = YES;
				SWIFT_COMPILATION_MODE = wholemodule;
			};
			name = Release;
		};
		D0F29C112B7ABD1E00B0F805 /* Debug */ = {
			isa = XCBuildConfiguration;
			buildSettings = {
				ASSETCATALOG_COMPILER_APPICON_NAME = AppIcon;
				ASSETCATALOG_COMPILER_GLOBAL_ACCENT_COLOR_NAME = AccentColor;
				CODE_SIGN_STYLE = Automatic;
				CURRENT_PROJECT_VERSION = 1;
				DEVELOPMENT_ASSET_PATHS = "\"Halcyon 2.0 Watch App/Preview Content\"";
				DEVELOPMENT_TEAM = G3337N7QRS;
				ENABLE_PREVIEWS = YES;
				GENERATE_INFOPLIST_FILE = YES;
				INFOPLIST_KEY_UISupportedInterfaceOrientations = "UIInterfaceOrientationPortrait UIInterfaceOrientationPortraitUpsideDown";
				INFOPLIST_KEY_WKWatchOnly = YES;
				LD_RUNPATH_SEARCH_PATHS = (
					"$(inherited)",
					"@executable_path/Frameworks",
				);
				MARKETING_VERSION = 1.0;
				PRODUCT_BUNDLE_IDENTIFIER = "com.powskierman.Halcyon-2-0.watchkitapp";
				PRODUCT_NAME = _Halcyon;
				SDKROOT = watchos;
				SKIP_INSTALL = YES;
				SWIFT_EMIT_LOC_STRINGS = YES;
				SWIFT_VERSION = 5.0;
				TARGETED_DEVICE_FAMILY = 4;
				WATCHOS_DEPLOYMENT_TARGET = 10.2;
			};
			name = Debug;
		};
		D0F29C122B7ABD1E00B0F805 /* Release */ = {
			isa = XCBuildConfiguration;
			buildSettings = {
				ASSETCATALOG_COMPILER_APPICON_NAME = AppIcon;
				ASSETCATALOG_COMPILER_GLOBAL_ACCENT_COLOR_NAME = AccentColor;
				CODE_SIGN_STYLE = Automatic;
				CURRENT_PROJECT_VERSION = 1;
				DEVELOPMENT_ASSET_PATHS = "\"Halcyon 2.0 Watch App/Preview Content\"";
				DEVELOPMENT_TEAM = G3337N7QRS;
				ENABLE_PREVIEWS = YES;
				GENERATE_INFOPLIST_FILE = YES;
				INFOPLIST_KEY_UISupportedInterfaceOrientations = "UIInterfaceOrientationPortrait UIInterfaceOrientationPortraitUpsideDown";
				INFOPLIST_KEY_WKWatchOnly = YES;
				LD_RUNPATH_SEARCH_PATHS = (
					"$(inherited)",
					"@executable_path/Frameworks",
				);
				MARKETING_VERSION = 1.0;
				PRODUCT_BUNDLE_IDENTIFIER = "com.powskierman.Halcyon-2-0.watchkitapp";
				PRODUCT_NAME = _Halcyon;
				SDKROOT = watchos;
				SKIP_INSTALL = YES;
				SWIFT_EMIT_LOC_STRINGS = YES;
				SWIFT_VERSION = 5.0;
				TARGETED_DEVICE_FAMILY = 4;
				VALIDATE_PRODUCT = YES;
				WATCHOS_DEPLOYMENT_TARGET = 10.2;
			};
			name = Release;
		};
/* End XCBuildConfiguration section */

/* Begin XCConfigurationList section */
		D0F29BF72B7ABD1C00B0F805 /* Build configuration list for PBXProject "Halcyon 2.0" */ = {
			isa = XCConfigurationList;
			buildConfigurations = (
				D0F29C0E2B7ABD1E00B0F805 /* Debug */,
				D0F29C0F2B7ABD1E00B0F805 /* Release */,
			);
			defaultConfigurationIsVisible = 0;
			defaultConfigurationName = Release;
		};
		D0F29C102B7ABD1E00B0F805 /* Build configuration list for PBXNativeTarget "Halcyon 2.0 Watch App" */ = {
			isa = XCConfigurationList;
			buildConfigurations = (
				D0F29C112B7ABD1E00B0F805 /* Debug */,
				D0F29C122B7ABD1E00B0F805 /* Release */,
			);
			defaultConfigurationIsVisible = 0;
			defaultConfigurationName = Release;
		};
/* End XCConfigurationList section */
	};
	rootObject = D0F29BF42B7ABD1C00B0F805 /* Project object */;
}
